
Microsoft Visual Studio Solution File, Format Version 12.00
# Visual Studio Version 17
VisualStudioVersion = 17.9.34714.143
MinimumVisualStudioVersion = 10.0.40219.1
Project("{FAE04EC0-301F-11D3-BF4B-00C04F79EFBC}") = "Login-Register", "Login-Register.csproj", "{EF896078-33C6-4B6D-AAA2-E114A6D4FC10}"
EndProject
Global
	GlobalSection(SolutionConfigurationPlatforms) = preSolution
		Debug|Any CPU = Debug|Any CPU
		Release|Any CPU = Release|Any CPU
	EndGlobalSection
	GlobalSection(ProjectConfigurationPlatforms) = postSolution
		{EF896078-33C6-4B6D-AAA2-E114A6D4FC10}.Debug|Any CPU.ActiveCfg = Debug|Any CPU
		{EF896078-33C6-4B6D-AAA2-E114A6D4FC10}.Debug|Any CPU.Build.0 = Debug|Any CPU
		{EF896078-33C6-4B6D-AAA2-E114A6D4FC10}.Release|Any CPU.ActiveCfg = Release|Any CPU
		{EF896078-33C6-4B6D-AAA2-E114A6D4FC10}.Release|Any CPU.Build.0 = Release|Any CPU
	EndGlobalSection
	GlobalSection(SolutionProperties) = preSolution
		HideSolutionNode = FALSE
	EndGlobalSection
	GlobalSection(ExtensibilityGlobals) = postSolution
		SolutionGuid = {AE13CCB4-F912-4773-B898-737AA0AEC321}
	EndGlobalSection
EndGlobal
